{
  "pins" : [
    {
      "identity" : "coredatakit",
      "kind" : "remoteSourceControl",
      "location" : "https://github.com/Qyoom-Company/CoreDataKit",
      "state" : {
        "revision" : "a86fdbdb02b1608c46a0aae624bb57fbd4452111",
        "version" : "1.0.1"
      }
    },
    {
      "identity" : "flyingfoxios11",
      "kind" : "remoteSourceControl",
      "location" : "https://github.com/HossamSherraa/FlyingFoxiOS11",
      "state" : {
        "revision" : "d158b7a4319564ed5edb410b9e3326798d77061b",
        "version" : "1.0.0"
      }
    }
  ],
  "version" : 2
}
