{
  "pins" : [
    {
      "identity" : "coredatakit",
      "kind" : "remoteSourceControl",
      "location" : "https://github.com/Qyoom-Company/CoreDataKit",
      "state" : {
        "revision" : "4a217d92da781817b3d9b0682174381ac9039567",
        "version" : "1.0.2"
      }
    },
    {
      "identity" : "flyingfoxios11",
      "kind" : "remoteSourceControl",
      "location" : "https://github.com/HossamSherraa/FlyingFoxiOS11",
      "state" : {
        "revision" : "d158b7a4319564ed5edb410b9e3326798d77061b",
        "version" : "1.0.0"
      }
    }
  ],
  "version" : 2
}
