// !$*UTF8*$!
{
	archiveVersion = 1;
	classes = {
	};
	objectVersion = 56;
	objects = {

/* Begin PBXBuildFile section */
		9F64CE0D29E2172D00D64D16 /* FileSharingKitDemooApp.swift in Sources */ = {isa = PBXBuildFile; fileRef = 9F64CE0C29E2172D00D64D16 /* FileSharingKitDemooApp.swift */; };
		9F64CE0F29E2172D00D64D16 /* ContentView.swift in Sources */ = {isa = PBXBuildFile; fileRef = 9F64CE0E29E2172D00D64D16 /* ContentView.swift */; };
		9F64CE1129E2172F00D64D16 /* Assets.xcassets in Resources */ = {isa = PBXBuildFile; fileRef = 9F64CE1029E2172F00D64D16 /* Assets.xcassets */; };
		9F64CE1529E2172F00D64D16 /* Preview Assets.xcassets in Resources */ = {isa = PBXBuildFile; fileRef = 9F64CE1429E2172F00D64D16 /* Preview Assets.xcassets */; };
		9F64CE2C29E2186F00D64D16 /* FolderServerEvent.swift in Sources */ = {isa = PBXBuildFile; fileRef = 9F64CE1C29E2186E00D64D16 /* FolderServerEvent.swift */; };
		9F64CE2D29E2186F00D64D16 /* Item.swift in Sources */ = {isa = PBXBuildFile; fileRef = 9F64CE1D29E2186E00D64D16 /* Item.swift */; };
		9F64CE2E29E2186F00D64D16 /* Delegate.swift in Sources */ = {isa = PBXBuildFile; fileRef = 9F64CE1E29E2186E00D64D16 /* Delegate.swift */; };
		9F64CE2F29E2186F00D64D16 /* Folder.swift in Sources */ = {isa = PBXBuildFile; fileRef = 9F64CE1F29E2186E00D64D16 /* Folder.swift */; };
		9F64CE3029E2186F00D64D16 /* ItemView.swift in Sources */ = {isa = PBXBuildFile; fileRef = 9F64CE2129E2186E00D64D16 /* ItemView.swift */; };
		9F64CE3129E2186F00D64D16 /* FolderSelection.swift in Sources */ = {isa = PBXBuildFile; fileRef = 9F64CE2229E2186E00D64D16 /* FolderSelection.swift */; };
		9F64CE3229E2186F00D64D16 /* FolderView.swift in Sources */ = {isa = PBXBuildFile; fileRef = 9F64CE2329E2186E00D64D16 /* FolderView.swift */; };
		9F64CE3329E2186F00D64D16 /* LocalFolderView.swift in Sources */ = {isa = PBXBuildFile; fileRef = 9F64CE2529E2186E00D64D16 /* LocalFolderView.swift */; };
		9F64CE3429E2186F00D64D16 /* SharedFolderView.swift in Sources */ = {isa = PBXBuildFile; fileRef = 9F64CE2629E2186E00D64D16 /* SharedFolderView.swift */; };
		9F64CE3529E2186F00D64D16 /* FolderViewModelProtocol.swift in Sources */ = {isa = PBXBuildFile; fileRef = 9F64CE2729E2186E00D64D16 /* FolderViewModelProtocol.swift */; };
		9F64CE3629E2186F00D64D16 /* ThumpnailView.swift in Sources */ = {isa = PBXBuildFile; fileRef = 9F64CE2829E2186E00D64D16 /* ThumpnailView.swift */; };
		9F64CE3729E2186F00D64D16 /* ItemViewActionsMenu.swift in Sources */ = {isa = PBXBuildFile; fileRef = 9F64CE2A29E2186E00D64D16 /* ItemViewActionsMenu.swift */; };
		9F64CE3829E2186F00D64D16 /* FolderViewActionsMenu.swift in Sources */ = {isa = PBXBuildFile; fileRef = 9F64CE2B29E2186E00D64D16 /* FolderViewActionsMenu.swift */; };
		D079B74829E3EF78008C5F8B /* FileSharingKit in Frameworks */ = {isa = PBXBuildFile; productRef = D079B74729E3EF78008C5F8B /* FileSharingKit */; };
/* End PBXBuildFile section */

/* Begin PBXFileReference section */
		9F64CE0929E2172D00D64D16 /* FileSharingKitDemoo.app */ = {isa = PBXFileReference; explicitFileType = wrapper.application; includeInIndex = 0; path = FileSharingKitDemoo.app; sourceTree = BUILT_PRODUCTS_DIR; };
		9F64CE0C29E2172D00D64D16 /* FileSharingKitDemooApp.swift */ = {isa = PBXFileReference; lastKnownFileType = sourcecode.swift; path = FileSharingKitDemooApp.swift; sourceTree = "<group>"; };
		9F64CE0E29E2172D00D64D16 /* ContentView.swift */ = {isa = PBXFileReference; lastKnownFileType = sourcecode.swift; path = ContentView.swift; sourceTree = "<group>"; };
		9F64CE1029E2172F00D64D16 /* Assets.xcassets */ = {isa = PBXFileReference; lastKnownFileType = folder.assetcatalog; path = Assets.xcassets; sourceTree = "<group>"; };
		9F64CE1229E2172F00D64D16 /* FileSharingKitDemoo.entitlements */ = {isa = PBXFileReference; lastKnownFileType = text.plist.entitlements; path = FileSharingKitDemoo.entitlements; sourceTree = "<group>"; };
		9F64CE1429E2172F00D64D16 /* Preview Assets.xcassets */ = {isa = PBXFileReference; lastKnownFileType = folder.assetcatalog; path = "Preview Assets.xcassets"; sourceTree = "<group>"; };
		9F64CE1C29E2186E00D64D16 /* FolderServerEvent.swift */ = {isa = PBXFileReference; fileEncoding = 4; lastKnownFileType = sourcecode.swift; path = FolderServerEvent.swift; sourceTree = "<group>"; };
		9F64CE1D29E2186E00D64D16 /* Item.swift */ = {isa = PBXFileReference; fileEncoding = 4; lastKnownFileType = sourcecode.swift; path = Item.swift; sourceTree = "<group>"; };
		9F64CE1E29E2186E00D64D16 /* Delegate.swift */ = {isa = PBXFileReference; fileEncoding = 4; lastKnownFileType = sourcecode.swift; path = Delegate.swift; sourceTree = "<group>"; };
		9F64CE1F29E2186E00D64D16 /* Folder.swift */ = {isa = PBXFileReference; fileEncoding = 4; lastKnownFileType = sourcecode.swift; path = Folder.swift; sourceTree = "<group>"; };
		9F64CE2129E2186E00D64D16 /* ItemView.swift */ = {isa = PBXFileReference; fileEncoding = 4; lastKnownFileType = sourcecode.swift; path = ItemView.swift; sourceTree = "<group>"; };
		9F64CE2229E2186E00D64D16 /* FolderSelection.swift */ = {isa = PBXFileReference; fileEncoding = 4; lastKnownFileType = sourcecode.swift; path = FolderSelection.swift; sourceTree = "<group>"; };
		9F64CE2329E2186E00D64D16 /* FolderView.swift */ = {isa = PBXFileReference; fileEncoding = 4; lastKnownFileType = sourcecode.swift; path = FolderView.swift; sourceTree = "<group>"; };
		9F64CE2529E2186E00D64D16 /* LocalFolderView.swift */ = {isa = PBXFileReference; fileEncoding = 4; lastKnownFileType = sourcecode.swift; path = LocalFolderView.swift; sourceTree = "<group>"; };
		9F64CE2629E2186E00D64D16 /* SharedFolderView.swift */ = {isa = PBXFileReference; fileEncoding = 4; lastKnownFileType = sourcecode.swift; path = SharedFolderView.swift; sourceTree = "<group>"; };
		9F64CE2729E2186E00D64D16 /* FolderViewModelProtocol.swift */ = {isa = PBXFileReference; fileEncoding = 4; lastKnownFileType = sourcecode.swift; path = FolderViewModelProtocol.swift; sourceTree = "<group>"; };
		9F64CE2829E2186E00D64D16 /* ThumpnailView.swift */ = {isa = PBXFileReference; fileEncoding = 4; lastKnownFileType = sourcecode.swift; path = ThumpnailView.swift; sourceTree = "<group>"; };
		9F64CE2A29E2186E00D64D16 /* ItemViewActionsMenu.swift */ = {isa = PBXFileReference; fileEncoding = 4; lastKnownFileType = sourcecode.swift; path = ItemViewActionsMenu.swift; sourceTree = "<group>"; };
		9F64CE2B29E2186E00D64D16 /* FolderViewActionsMenu.swift */ = {isa = PBXFileReference; fileEncoding = 4; lastKnownFileType = sourcecode.swift; path = FolderViewActionsMenu.swift; sourceTree = "<group>"; };
		D04DA9B429E56C9500ED8CC1 /* FileSharingKit */ = {isa = PBXFileReference; lastKnownFileType = wrapper; name = FileSharingKit; path = ../../FileSharingKit; sourceTree = "<group>"; };
/* End PBXFileReference section */

/* Begin PBXFrameworksBuildPhase section */
		9F64CE0629E2172D00D64D16 /* Frameworks */ = {
			isa = PBXFrameworksBuildPhase;
			buildActionMask = 2147483647;
			files = (
				D079B74829E3EF78008C5F8B /* FileSharingKit in Frameworks */,
			);
			runOnlyForDeploymentPostprocessing = 0;
		};
/* End PBXFrameworksBuildPhase section */

/* Begin PBXGroup section */
		9F64CE0029E2172D00D64D16 = {
			isa = PBXGroup;
			children = (
				9F64CE0B29E2172D00D64D16 /* FileSharingKitDemoo */,
				9F64CE0A29E2172D00D64D16 /* Products */,
				9F64CE3F29E21A0B00D64D16 /* Frameworks */,
			);
			sourceTree = "<group>";
		};
		9F64CE0A29E2172D00D64D16 /* Products */ = {
			isa = PBXGroup;
			children = (
				9F64CE0929E2172D00D64D16 /* FileSharingKitDemoo.app */,
			);
			name = Products;
			sourceTree = "<group>";
		};
		9F64CE0B29E2172D00D64D16 /* FileSharingKitDemoo */ = {
			isa = PBXGroup;
			children = (
				D04DA9B429E56C9500ED8CC1 /* FileSharingKit */,
				9F64CE0C29E2172D00D64D16 /* FileSharingKitDemooApp.swift */,
				9F64CE0E29E2172D00D64D16 /* ContentView.swift */,
				9F64CE1B29E2186E00D64D16 /* FolderTree */,
				9F64CE1029E2172F00D64D16 /* Assets.xcassets */,
				9F64CE1229E2172F00D64D16 /* FileSharingKitDemoo.entitlements */,
				9F64CE1329E2172F00D64D16 /* Preview Content */,
			);
			path = FileSharingKitDemoo;
			sourceTree = "<group>";
		};
		9F64CE1329E2172F00D64D16 /* Preview Content */ = {
			isa = PBXGroup;
			children = (
				9F64CE1429E2172F00D64D16 /* Preview Assets.xcassets */,
			);
			path = "Preview Content";
			sourceTree = "<group>";
		};
		9F64CE1B29E2186E00D64D16 /* FolderTree */ = {
			isa = PBXGroup;
			children = (
				9F64CE1C29E2186E00D64D16 /* FolderServerEvent.swift */,
				9F64CE1D29E2186E00D64D16 /* Item.swift */,
				9F64CE1E29E2186E00D64D16 /* Delegate.swift */,
				9F64CE1F29E2186E00D64D16 /* Folder.swift */,
				9F64CE2029E2186E00D64D16 /* FolderUI */,
			);
			path = FolderTree;
			sourceTree = "<group>";
		};
		9F64CE2029E2186E00D64D16 /* FolderUI */ = {
			isa = PBXGroup;
			children = (
				9F64CE2129E2186E00D64D16 /* ItemView.swift */,
				9F64CE2229E2186E00D64D16 /* FolderSelection.swift */,
				9F64CE2329E2186E00D64D16 /* FolderView.swift */,
				9F64CE2429E2186E00D64D16 /* ActionsMenues */,
				9F64CE2829E2186E00D64D16 /* ThumpnailView.swift */,
				9F64CE2929E2186E00D64D16 /* MenuActions */,
			);
			path = FolderUI;
			sourceTree = "<group>";
		};
		9F64CE2429E2186E00D64D16 /* ActionsMenues */ = {
			isa = PBXGroup;
			children = (
				9F64CE2529E2186E00D64D16 /* LocalFolderView.swift */,
				9F64CE2629E2186E00D64D16 /* SharedFolderView.swift */,
				9F64CE2729E2186E00D64D16 /* FolderViewModelProtocol.swift */,
			);
			path = ActionsMenues;
			sourceTree = "<group>";
		};
		9F64CE2929E2186E00D64D16 /* MenuActions */ = {
			isa = PBXGroup;
			children = (
				9F64CE2A29E2186E00D64D16 /* ItemViewActionsMenu.swift */,
				9F64CE2B29E2186E00D64D16 /* FolderViewActionsMenu.swift */,
			);
			path = MenuActions;
			sourceTree = "<group>";
		};
		9F64CE3F29E21A0B00D64D16 /* Frameworks */ = {
			isa = PBXGroup;
			children = (
			);
			name = Frameworks;
			sourceTree = "<group>";
		};
/* End PBXGroup section */

/* Begin PBXNativeTarget section */
		9F64CE0829E2172D00D64D16 /* FileSharingKitDemoo */ = {
			isa = PBXNativeTarget;
			buildConfigurationList = 9F64CE1829E2172F00D64D16 /* Build configuration list for PBXNativeTarget "FileSharingKitDemoo" */;
			buildPhases = (
				9F64CE0529E2172D00D64D16 /* Sources */,
				9F64CE0629E2172D00D64D16 /* Frameworks */,
				9F64CE0729E2172D00D64D16 /* Resources */,
			);
			buildRules = (
			);
			dependencies = (
			);
			name = FileSharingKitDemoo;
			packageProductDependencies = (
				D079B74729E3EF78008C5F8B /* FileSharingKit */,
			);
			productName = FileSharingKitDemoo;
			productReference = 9F64CE0929E2172D00D64D16 /* FileSharingKitDemoo.app */;
			productType = "com.apple.product-type.application";
		};
/* End PBXNativeTarget section */

/* Begin PBXProject section */
		9F64CE0129E2172D00D64D16 /* Project object */ = {
			isa = PBXProject;
			attributes = {
				BuildIndependentTargetsInParallel = 1;
				LastSwiftUpdateCheck = 1420;
				LastUpgradeCheck = 1420;
				TargetAttributes = {
					9F64CE0829E2172D00D64D16 = {
						CreatedOnToolsVersion = 14.2;
					};
				};
			};
			buildConfigurationList = 9F64CE0429E2172D00D64D16 /* Build configuration list for PBXProject "FileSharingKitDemoo" */;
			compatibilityVersion = "Xcode 14.0";
			developmentRegion = en;
			hasScannedForEncodings = 0;
			knownRegions = (
				en,
				Base,
			);
			mainGroup = 9F64CE0029E2172D00D64D16;
			packageReferences = (
			);
			productRefGroup = 9F64CE0A29E2172D00D64D16 /* Products */;
			projectDirPath = "";
			projectRoot = "";
			targets = (
				9F64CE0829E2172D00D64D16 /* FileSharingKitDemoo */,
			);
		};
/* End PBXProject section */

/* Begin PBXResourcesBuildPhase section */
		9F64CE0729E2172D00D64D16 /* Resources */ = {
			isa = PBXResourcesBuildPhase;
			buildActionMask = 2147483647;
			files = (
				9F64CE1529E2172F00D64D16 /* Preview Assets.xcassets in Resources */,
				9F64CE1129E2172F00D64D16 /* Assets.xcassets in Resources */,
			);
			runOnlyForDeploymentPostprocessing = 0;
		};
/* End PBXResourcesBuildPhase section */

/* Begin PBXSourcesBuildPhase section */
		9F64CE0529E2172D00D64D16 /* Sources */ = {
			isa = PBXSourcesBuildPhase;
			buildActionMask = 2147483647;
			files = (
				9F64CE2D29E2186F00D64D16 /* Item.swift in Sources */,
				9F64CE2E29E2186F00D64D16 /* Delegate.swift in Sources */,
				9F64CE3529E2186F00D64D16 /* FolderViewModelProtocol.swift in Sources */,
				9F64CE3129E2186F00D64D16 /* FolderSelection.swift in Sources */,
				9F64CE2C29E2186F00D64D16 /* FolderServerEvent.swift in Sources */,
				9F64CE3329E2186F00D64D16 /* LocalFolderView.swift in Sources */,
				9F64CE3829E2186F00D64D16 /* FolderViewActionsMenu.swift in Sources */,
				9F64CE0F29E2172D00D64D16 /* ContentView.swift in Sources */,
				9F64CE3029E2186F00D64D16 /* ItemView.swift in Sources */,
				9F64CE3629E2186F00D64D16 /* ThumpnailView.swift in Sources */,
				9F64CE3429E2186F00D64D16 /* SharedFolderView.swift in Sources */,
				9F64CE0D29E2172D00D64D16 /* FileSharingKitDemooApp.swift in Sources */,
				9F64CE2F29E2186F00D64D16 /* Folder.swift in Sources */,
				9F64CE3729E2186F00D64D16 /* ItemViewActionsMenu.swift in Sources */,
				9F64CE3229E2186F00D64D16 /* FolderView.swift in Sources */,
			);
			runOnlyForDeploymentPostprocessing = 0;
		};
/* End PBXSourcesBuildPhase section */

/* Begin XCBuildConfiguration section */
		9F64CE1629E2172F00D64D16 /* Debug */ = {
			isa = XCBuildConfiguration;
			buildSettings = {
				ALWAYS_SEARCH_USER_PATHS = NO;
				CLANG_ANALYZER_NONNULL = YES;
				CLANG_ANALYZER_NUMBER_OBJECT_CONVERSION = YES_AGGRESSIVE;
				CLANG_CXX_LANGUAGE_STANDARD = "gnu++20";
				CLANG_ENABLE_MODULES = YES;
				CLANG_ENABLE_OBJC_ARC = YES;
				CLANG_ENABLE_OBJC_WEAK = YES;
				CLANG_WARN_BLOCK_CAPTURE_AUTORELEASING = YES;
				CLANG_WARN_BOOL_CONVERSION = YES;
				CLANG_WARN_COMMA = YES;
				CLANG_WARN_CONSTANT_CONVERSION = YES;
				CLANG_WARN_DEPRECATED_OBJC_IMPLEMENTATIONS = YES;
				CLANG_WARN_DIRECT_OBJC_ISA_USAGE = YES_ERROR;
				CLANG_WARN_DOCUMENTATION_COMMENTS = YES;
				CLANG_WARN_EMPTY_BODY = YES;
				CLANG_WARN_ENUM_CONVERSION = YES;
				CLANG_WARN_INFINITE_RECURSION = YES;
				CLANG_WARN_INT_CONVERSION = YES;
				CLANG_WARN_NON_LITERAL_NULL_CONVERSION = YES;
				CLANG_WARN_OBJC_IMPLICIT_RETAIN_SELF = YES;
				CLANG_WARN_OBJC_LITERAL_CONVERSION = YES;
				CLANG_WARN_OBJC_ROOT_CLASS = YES_ERROR;
				CLANG_WARN_QUOTED_INCLUDE_IN_FRAMEWORK_HEADER = YES;
				CLANG_WARN_RANGE_LOOP_ANALYSIS = YES;
				CLANG_WARN_STRICT_PROTOTYPES = YES;
				CLANG_WARN_SUSPICIOUS_MOVE = YES;
				CLANG_WARN_UNGUARDED_AVAILABILITY = YES_AGGRESSIVE;
				CLANG_WARN_UNREACHABLE_CODE = YES;
				CLANG_WARN__DUPLICATE_METHOD_MATCH = YES;
				COPY_PHASE_STRIP = NO;
				DEBUG_INFORMATION_FORMAT = dwarf;
				ENABLE_STRICT_OBJC_MSGSEND = YES;
				ENABLE_TESTABILITY = YES;
				GCC_C_LANGUAGE_STANDARD = gnu11;
				GCC_DYNAMIC_NO_PIC = NO;
				GCC_NO_COMMON_BLOCKS = YES;
				GCC_OPTIMIZATION_LEVEL = 0;
				GCC_PREPROCESSOR_DEFINITIONS = (
					"DEBUG=1",
					"$(inherited)",
				);
				GCC_WARN_64_TO_32_BIT_CONVERSION = YES;
				GCC_WARN_ABOUT_RETURN_TYPE = YES_ERROR;
				GCC_WARN_UNDECLARED_SELECTOR = YES;
				GCC_WARN_UNINITIALIZED_AUTOS = YES_AGGRESSIVE;
				GCC_WARN_UNUSED_FUNCTION = YES;
				GCC_WARN_UNUSED_VARIABLE = YES;
				MTL_ENABLE_DEBUG_INFO = INCLUDE_SOURCE;
				MTL_FAST_MATH = YES;
				ONLY_ACTIVE_ARCH = YES;
				SWIFT_ACTIVE_COMPILATION_CONDITIONS = DEBUG;
				SWIFT_OPTIMIZATION_LEVEL = "-Onone";
			};
			name = Debug;
		};
		9F64CE1729E2172F00D64D16 /* Release */ = {
			isa = XCBuildConfiguration;
			buildSettings = {
				ALWAYS_SEARCH_USER_PATHS = NO;
				CLANG_ANALYZER_NONNULL = YES;
				CLANG_ANALYZER_NUMBER_OBJECT_CONVERSION = YES_AGGRESSIVE;
				CLANG_CXX_LANGUAGE_STANDARD = "gnu++20";
				CLANG_ENABLE_MODULES = YES;
				CLANG_ENABLE_OBJC_ARC = YES;
				CLANG_ENABLE_OBJC_WEAK = YES;
				CLANG_WARN_BLOCK_CAPTURE_AUTORELEASING = YES;
				CLANG_WARN_BOOL_CONVERSION = YES;
				CLANG_WARN_COMMA = YES;
				CLANG_WARN_CONSTANT_CONVERSION = YES;
				CLANG_WARN_DEPRECATED_OBJC_IMPLEMENTATIONS = YES;
				CLANG_WARN_DIRECT_OBJC_ISA_USAGE = YES_ERROR;
				CLANG_WARN_DOCUMENTATION_COMMENTS = YES;
				CLANG_WARN_EMPTY_BODY = YES;
				CLANG_WARN_ENUM_CONVERSION = YES;
				CLANG_WARN_INFINITE_RECURSION = YES;
				CLANG_WARN_INT_CONVERSION = YES;
				CLANG_WARN_NON_LITERAL_NULL_CONVERSION = YES;
				CLANG_WARN_OBJC_IMPLICIT_RETAIN_SELF = YES;
				CLANG_WARN_OBJC_LITERAL_CONVERSION = YES;
				CLANG_WARN_OBJC_ROOT_CLASS = YES_ERROR;
				CLANG_WARN_QUOTED_INCLUDE_IN_FRAMEWORK_HEADER = YES;
				CLANG_WARN_RANGE_LOOP_ANALYSIS = YES;
				CLANG_WARN_STRICT_PROTOTYPES = YES;
				CLANG_WARN_SUSPICIOUS_MOVE = YES;
				CLANG_WARN_UNGUARDED_AVAILABILITY = YES_AGGRESSIVE;
				CLANG_WARN_UNREACHABLE_CODE = YES;
				CLANG_WARN__DUPLICATE_METHOD_MATCH = YES;
				COPY_PHASE_STRIP = NO;
				DEBUG_INFORMATION_FORMAT = "dwarf-with-dsym";
				ENABLE_NS_ASSERTIONS = NO;
				ENABLE_STRICT_OBJC_MSGSEND = YES;
				GCC_C_LANGUAGE_STANDARD = gnu11;
				GCC_NO_COMMON_BLOCKS = YES;
				GCC_WARN_64_TO_32_BIT_CONVERSION = YES;
				GCC_WARN_ABOUT_RETURN_TYPE = YES_ERROR;
				GCC_WARN_UNDECLARED_SELECTOR = YES;
				GCC_WARN_UNINITIALIZED_AUTOS = YES_AGGRESSIVE;
				GCC_WARN_UNUSED_FUNCTION = YES;
				GCC_WARN_UNUSED_VARIABLE = YES;
				MTL_ENABLE_DEBUG_INFO = NO;
				MTL_FAST_MATH = YES;
				SWIFT_COMPILATION_MODE = wholemodule;
				SWIFT_OPTIMIZATION_LEVEL = "-O";
			};
			name = Release;
		};
		9F64CE1929E2172F00D64D16 /* Debug */ = {
			isa = XCBuildConfiguration;
			buildSettings = {
				ASSETCATALOG_COMPILER_APPICON_NAME = AppIcon;
				ASSETCATALOG_COMPILER_GLOBAL_ACCENT_COLOR_NAME = AccentColor;
				CODE_SIGN_ENTITLEMENTS = FileSharingKitDemoo/FileSharingKitDemoo.entitlements;
				CODE_SIGN_STYLE = Automatic;
				CURRENT_PROJECT_VERSION = 1;
				DEVELOPMENT_ASSET_PATHS = "\"FileSharingKitDemoo/Preview Content\"";
				DEVELOPMENT_TEAM = 7J9KA6Z6QG;
				ENABLE_HARDENED_RUNTIME = YES;
				ENABLE_PREVIEWS = YES;
				GENERATE_INFOPLIST_FILE = YES;
				INFOPLIST_FILE = FileSharingKitDemoo/Info.plist;
				INFOPLIST_KEY_LSSupportsOpeningDocumentsInPlace = YES;
				"INFOPLIST_KEY_UIApplicationSceneManifest_Generation[sdk=iphoneos*]" = YES;
				"INFOPLIST_KEY_UIApplicationSceneManifest_Generation[sdk=iphonesimulator*]" = YES;
				"INFOPLIST_KEY_UIApplicationSupportsIndirectInputEvents[sdk=iphoneos*]" = YES;
				"INFOPLIST_KEY_UIApplicationSupportsIndirectInputEvents[sdk=iphonesimulator*]" = YES;
				"INFOPLIST_KEY_UILaunchScreen_Generation[sdk=iphoneos*]" = YES;
				"INFOPLIST_KEY_UILaunchScreen_Generation[sdk=iphonesimulator*]" = YES;
				"INFOPLIST_KEY_UIStatusBarStyle[sdk=iphoneos*]" = UIStatusBarStyleDefault;
				"INFOPLIST_KEY_UIStatusBarStyle[sdk=iphonesimulator*]" = UIStatusBarStyleDefault;
				INFOPLIST_KEY_UISupportedInterfaceOrientations_iPad = "UIInterfaceOrientationPortrait UIInterfaceOrientationPortraitUpsideDown UIInterfaceOrientationLandscapeLeft UIInterfaceOrientationLandscapeRight";
				INFOPLIST_KEY_UISupportedInterfaceOrientations_iPhone = "UIInterfaceOrientationPortrait UIInterfaceOrientationLandscapeLeft UIInterfaceOrientationLandscapeRight";
				INFOPLIST_KEY_UISupportsDocumentBrowser = YES;
				IPHONEOS_DEPLOYMENT_TARGET = 16.2;
				LD_RUNPATH_SEARCH_PATHS = "@executable_path/Frameworks";
				"LD_RUNPATH_SEARCH_PATHS[sdk=macosx*]" = "@executable_path/../Frameworks";
				MACOSX_DEPLOYMENT_TARGET = 13.1;
				MARKETING_VERSION = 1.0;
				PRODUCT_BUNDLE_IDENTIFIER = GoldenBlue.FileSharingKitDemoo;
				PRODUCT_NAME = "$(TARGET_NAME)";
				SDKROOT = auto;
				SUPPORTED_PLATFORMS = "iphoneos iphonesimulator";
				SUPPORTS_MACCATALYST = NO;
				SUPPORTS_MAC_DESIGNED_FOR_IPHONE_IPAD = NO;
				SWIFT_EMIT_LOC_STRINGS = YES;
				SWIFT_VERSION = 5.0;
				TARGETED_DEVICE_FAMILY = "1,2";
			};
			name = Debug;
		};
		9F64CE1A29E2172F00D64D16 /* Release */ = {
			isa = XCBuildConfiguration;
			buildSettings = {
				ASSETCATALOG_COMPILER_APPICON_NAME = AppIcon;
				ASSETCATALOG_COMPILER_GLOBAL_ACCENT_COLOR_NAME = AccentColor;
				CODE_SIGN_ENTITLEMENTS = FileSharingKitDemoo/FileSharingKitDemoo.entitlements;
				CODE_SIGN_STYLE = Automatic;
				CURRENT_PROJECT_VERSION = 1;
				DEVELOPMENT_ASSET_PATHS = "\"FileSharingKitDemoo/Preview Content\"";
				DEVELOPMENT_TEAM = 7J9KA6Z6QG;
				ENABLE_HARDENED_RUNTIME = YES;
				ENABLE_PREVIEWS = YES;
				GENERATE_INFOPLIST_FILE = YES;
				INFOPLIST_FILE = FileSharingKitDemoo/Info.plist;
				INFOPLIST_KEY_LSSupportsOpeningDocumentsInPlace = YES;
				"INFOPLIST_KEY_UIApplicationSceneManifest_Generation[sdk=iphoneos*]" = YES;
				"INFOPLIST_KEY_UIApplicationSceneManifest_Generation[sdk=iphonesimulator*]" = YES;
				"INFOPLIST_KEY_UIApplicationSupportsIndirectInputEvents[sdk=iphoneos*]" = YES;
				"INFOPLIST_KEY_UIApplicationSupportsIndirectInputEvents[sdk=iphonesimulator*]" = YES;
				"INFOPLIST_KEY_UILaunchScreen_Generation[sdk=iphoneos*]" = YES;
				"INFOPLIST_KEY_UILaunchScreen_Generation[sdk=iphonesimulator*]" = YES;
				"INFOPLIST_KEY_UIStatusBarStyle[sdk=iphoneos*]" = UIStatusBarStyleDefault;
				"INFOPLIST_KEY_UIStatusBarStyle[sdk=iphonesimulator*]" = UIStatusBarStyleDefault;
				INFOPLIST_KEY_UISupportedInterfaceOrientations_iPad = "UIInterfaceOrientationPortrait UIInterfaceOrientationPortraitUpsideDown UIInterfaceOrientationLandscapeLeft UIInterfaceOrientationLandscapeRight";
				INFOPLIST_KEY_UISupportedInterfaceOrientations_iPhone = "UIInterfaceOrientationPortrait UIInterfaceOrientationLandscapeLeft UIInterfaceOrientationLandscapeRight";
				INFOPLIST_KEY_UISupportsDocumentBrowser = YES;
				IPHONEOS_DEPLOYMENT_TARGET = 16.2;
				LD_RUNPATH_SEARCH_PATHS = "@executable_path/Frameworks";
				"LD_RUNPATH_SEARCH_PATHS[sdk=macosx*]" = "@executable_path/../Frameworks";
				MACOSX_DEPLOYMENT_TARGET = 13.1;
				MARKETING_VERSION = 1.0;
				PRODUCT_BUNDLE_IDENTIFIER = GoldenBlue.FileSharingKitDemoo;
				PRODUCT_NAME = "$(TARGET_NAME)";
				SDKROOT = auto;
				SUPPORTED_PLATFORMS = "iphoneos iphonesimulator";
				SUPPORTS_MACCATALYST = NO;
				SUPPORTS_MAC_DESIGNED_FOR_IPHONE_IPAD = NO;
				SWIFT_EMIT_LOC_STRINGS = YES;
				SWIFT_VERSION = 5.0;
				TARGETED_DEVICE_FAMILY = "1,2";
			};
			name = Release;
		};
/* End XCBuildConfiguration section */

/* Begin XCConfigurationList section */
		9F64CE0429E2172D00D64D16 /* Build configuration list for PBXProject "FileSharingKitDemoo" */ = {
			isa = XCConfigurationList;
			buildConfigurations = (
				9F64CE1629E2172F00D64D16 /* Debug */,
				9F64CE1729E2172F00D64D16 /* Release */,
			);
			defaultConfigurationIsVisible = 0;
			defaultConfigurationName = Release;
		};
		9F64CE1829E2172F00D64D16 /* Build configuration list for PBXNativeTarget "FileSharingKitDemoo" */ = {
			isa = XCConfigurationList;
			buildConfigurations = (
				9F64CE1929E2172F00D64D16 /* Debug */,
				9F64CE1A29E2172F00D64D16 /* Release */,
			);
			defaultConfigurationIsVisible = 0;
			defaultConfigurationName = Release;
		};
/* End XCConfigurationList section */

/* Begin XCSwiftPackageProductDependency section */
		D079B74729E3EF78008C5F8B /* FileSharingKit */ = {
			isa = XCSwiftPackageProductDependency;
			productName = FileSharingKit;
		};
/* End XCSwiftPackageProductDependency section */
	};
	rootObject = 9F64CE0129E2172D00D64D16 /* Project object */;
}
