// !$*UTF8*$!
{
	archiveVersion = 1;
	classes = {
	};
	objectVersion = 56;
	objects = {

/* Begin PBXBuildFile section */
		9F50694629EAEFC700F6337A /* FolderServerEvent.swift in Sources */ = {isa = PBXBuildFile; fileRef = 9F50693429EAEEF400F6337A /* FolderServerEvent.swift */; };
		9F50694729EAEFC700F6337A /* Delegate.swift in Sources */ = {isa = PBXBuildFile; fileRef = 9F50693629EAEEF400F6337A /* Delegate.swift */; };
		9F50694829EAEFC700F6337A /* Folder.swift in Sources */ = {isa = PBXBuildFile; fileRef = 9F50693729EAEEF400F6337A /* Folder.swift */; };
		9F50694929EAEFC700F6337A /* Item.swift in Sources */ = {isa = PBXBuildFile; fileRef = 9F50693529EAEEF400F6337A /* Item.swift */; };
		9F50694A29EAEFCB00F6337A /* ItemView.swift in Sources */ = {isa = PBXBuildFile; fileRef = 9F50693929EAEEF400F6337A /* ItemView.swift */; };
		9F50694B29EAEFCB00F6337A /* FolderSelection.swift in Sources */ = {isa = PBXBuildFile; fileRef = 9F50693C29EAEEF400F6337A /* FolderSelection.swift */; };
		9F50694C29EAEFCB00F6337A /* TrustedDeviceCell.swift in Sources */ = {isa = PBXBuildFile; fileRef = 9F50693A29EAEEF400F6337A /* TrustedDeviceCell.swift */; };
		9F50694D29EAEFCB00F6337A /* TrustedDevices.swift in Sources */ = {isa = PBXBuildFile; fileRef = 9F50693B29EAEEF400F6337A /* TrustedDevices.swift */; };
		9F50694E29EAEFCB00F6337A /* FolderView.swift in Sources */ = {isa = PBXBuildFile; fileRef = 9F50693D29EAEEF400F6337A /* FolderView.swift */; };
		9F50694F29EAEFCF00F6337A /* LocalFolderView.swift in Sources */ = {isa = PBXBuildFile; fileRef = 9F50693F29EAEEF400F6337A /* LocalFolderView.swift */; };
		9F50695029EAEFCF00F6337A /* ThumpnailView.swift in Sources */ = {isa = PBXBuildFile; fileRef = 9F50694229EAEEF400F6337A /* ThumpnailView.swift */; };
		9F50695129EAEFCF00F6337A /* SharedFolderView.swift in Sources */ = {isa = PBXBuildFile; fileRef = 9F50694029EAEEF400F6337A /* SharedFolderView.swift */; };
		9F50695229EAEFCF00F6337A /* FolderViewModelProtocol.swift in Sources */ = {isa = PBXBuildFile; fileRef = 9F50694129EAEEF400F6337A /* FolderViewModelProtocol.swift */; };
		9F50695329EAEFD200F6337A /* ItemViewActionsMenu.swift in Sources */ = {isa = PBXBuildFile; fileRef = 9F50694429EAEEF400F6337A /* ItemViewActionsMenu.swift */; };
		9F50695429EAEFD200F6337A /* FolderViewActionsMenu.swift in Sources */ = {isa = PBXBuildFile; fileRef = 9F50694529EAEEF400F6337A /* FolderViewActionsMenu.swift */; };
		9F64CE0D29E2172D00D64D16 /* FileSharingKitDemooApp.swift in Sources */ = {isa = PBXBuildFile; fileRef = 9F64CE0C29E2172D00D64D16 /* FileSharingKitDemooApp.swift */; };
		9F64CE0F29E2172D00D64D16 /* ContentView.swift in Sources */ = {isa = PBXBuildFile; fileRef = 9F64CE0E29E2172D00D64D16 /* ContentView.swift */; };
		9F64CE1129E2172F00D64D16 /* Assets.xcassets in Resources */ = {isa = PBXBuildFile; fileRef = 9F64CE1029E2172F00D64D16 /* Assets.xcassets */; };
		9F64CE1529E2172F00D64D16 /* Preview Assets.xcassets in Resources */ = {isa = PBXBuildFile; fileRef = 9F64CE1429E2172F00D64D16 /* Preview Assets.xcassets */; };
		9F7A106029EC8F1600A40EAE /* Localizable.strings in Resources */ = {isa = PBXBuildFile; fileRef = 9F7A106229EC8F1600A40EAE /* Localizable.strings */; };
		9FA0E32329F7240200F80969 /* QRCodeGenerator in Frameworks */ = {isa = PBXBuildFile; productRef = 9FA0E32229F7240200F80969 /* QRCodeGenerator */; };
		9FD888E729EAEB2D00B6680D /* FileSharingKit in Frameworks */ = {isa = PBXBuildFile; productRef = 9FD888E629EAEB2D00B6680D /* FileSharingKit */; };
/* End PBXBuildFile section */

/* Begin PBXFileReference section */
		9F50693429EAEEF400F6337A /* FolderServerEvent.swift */ = {isa = PBXFileReference; lastKnownFileType = sourcecode.swift; path = FolderServerEvent.swift; sourceTree = "<group>"; };
		9F50693529EAEEF400F6337A /* Item.swift */ = {isa = PBXFileReference; lastKnownFileType = sourcecode.swift; path = Item.swift; sourceTree = "<group>"; };
		9F50693629EAEEF400F6337A /* Delegate.swift */ = {isa = PBXFileReference; lastKnownFileType = sourcecode.swift; path = Delegate.swift; sourceTree = "<group>"; };
		9F50693729EAEEF400F6337A /* Folder.swift */ = {isa = PBXFileReference; lastKnownFileType = sourcecode.swift; path = Folder.swift; sourceTree = "<group>"; };
		9F50693929EAEEF400F6337A /* ItemView.swift */ = {isa = PBXFileReference; lastKnownFileType = sourcecode.swift; path = ItemView.swift; sourceTree = "<group>"; };
		9F50693A29EAEEF400F6337A /* TrustedDeviceCell.swift */ = {isa = PBXFileReference; lastKnownFileType = sourcecode.swift; path = TrustedDeviceCell.swift; sourceTree = "<group>"; };
		9F50693B29EAEEF400F6337A /* TrustedDevices.swift */ = {isa = PBXFileReference; lastKnownFileType = sourcecode.swift; path = TrustedDevices.swift; sourceTree = "<group>"; };
		9F50693C29EAEEF400F6337A /* FolderSelection.swift */ = {isa = PBXFileReference; lastKnownFileType = sourcecode.swift; path = FolderSelection.swift; sourceTree = "<group>"; };
		9F50693D29EAEEF400F6337A /* FolderView.swift */ = {isa = PBXFileReference; lastKnownFileType = sourcecode.swift; path = FolderView.swift; sourceTree = "<group>"; };
		9F50693F29EAEEF400F6337A /* LocalFolderView.swift */ = {isa = PBXFileReference; lastKnownFileType = sourcecode.swift; path = LocalFolderView.swift; sourceTree = "<group>"; };
		9F50694029EAEEF400F6337A /* SharedFolderView.swift */ = {isa = PBXFileReference; lastKnownFileType = sourcecode.swift; path = SharedFolderView.swift; sourceTree = "<group>"; };
		9F50694129EAEEF400F6337A /* FolderViewModelProtocol.swift */ = {isa = PBXFileReference; lastKnownFileType = sourcecode.swift; path = FolderViewModelProtocol.swift; sourceTree = "<group>"; };
		9F50694229EAEEF400F6337A /* ThumpnailView.swift */ = {isa = PBXFileReference; lastKnownFileType = sourcecode.swift; path = ThumpnailView.swift; sourceTree = "<group>"; };
		9F50694429EAEEF400F6337A /* ItemViewActionsMenu.swift */ = {isa = PBXFileReference; lastKnownFileType = sourcecode.swift; path = ItemViewActionsMenu.swift; sourceTree = "<group>"; };
		9F50694529EAEEF400F6337A /* FolderViewActionsMenu.swift */ = {isa = PBXFileReference; lastKnownFileType = sourcecode.swift; path = FolderViewActionsMenu.swift; sourceTree = "<group>"; };
		9F64CE0929E2172D00D64D16 /* FileSharingKitDemoo.app */ = {isa = PBXFileReference; explicitFileType = wrapper.application; includeInIndex = 0; path = FileSharingKitDemoo.app; sourceTree = BUILT_PRODUCTS_DIR; };
		9F64CE0C29E2172D00D64D16 /* FileSharingKitDemooApp.swift */ = {isa = PBXFileReference; lastKnownFileType = sourcecode.swift; path = FileSharingKitDemooApp.swift; sourceTree = "<group>"; };
		9F64CE0E29E2172D00D64D16 /* ContentView.swift */ = {isa = PBXFileReference; lastKnownFileType = sourcecode.swift; path = ContentView.swift; sourceTree = "<group>"; };
		9F64CE1029E2172F00D64D16 /* Assets.xcassets */ = {isa = PBXFileReference; lastKnownFileType = folder.assetcatalog; path = Assets.xcassets; sourceTree = "<group>"; };
		9F64CE1229E2172F00D64D16 /* FileSharingKitDemoo.entitlements */ = {isa = PBXFileReference; lastKnownFileType = text.plist.entitlements; path = FileSharingKitDemoo.entitlements; sourceTree = "<group>"; };
		9F64CE1429E2172F00D64D16 /* Preview Assets.xcassets */ = {isa = PBXFileReference; lastKnownFileType = folder.assetcatalog; path = "Preview Assets.xcassets"; sourceTree = "<group>"; };
		9F7A106129EC8F1600A40EAE /* en */ = {isa = PBXFileReference; lastKnownFileType = text.plist.strings; name = en; path = en.lproj/Localizable.strings; sourceTree = "<group>"; };
		9F7A106329EC8F1900A40EAE /* ar */ = {isa = PBXFileReference; lastKnownFileType = text.plist.strings; name = ar; path = ar.lproj/Localizable.strings; sourceTree = "<group>"; };
		D03DB85F29E740E6001D4AC9 /* FileSharingKit */ = {isa = PBXFileReference; lastKnownFileType = wrapper; name = FileSharingKit; path = ../../Final/FileSharingKit; sourceTree = "<group>"; };
/* End PBXFileReference section */

/* Begin PBXFrameworksBuildPhase section */
		9F64CE0629E2172D00D64D16 /* Frameworks */ = {
			isa = PBXFrameworksBuildPhase;
			buildActionMask = 2147483647;
			files = (
				9FA0E32329F7240200F80969 /* QRCodeGenerator in Frameworks */,
				9FD888E729EAEB2D00B6680D /* FileSharingKit in Frameworks */,
			);
			runOnlyForDeploymentPostprocessing = 0;
		};
/* End PBXFrameworksBuildPhase section */

/* Begin PBXGroup section */
		9F50693329EAEEF400F6337A /* FolderTree */ = {
			isa = PBXGroup;
			children = (
				9F50693429EAEEF400F6337A /* FolderServerEvent.swift */,
				9F50693529EAEEF400F6337A /* Item.swift */,
				9F50693629EAEEF400F6337A /* Delegate.swift */,
				9F50693729EAEEF400F6337A /* Folder.swift */,
				9F50693829EAEEF400F6337A /* FolderUI */,
			);
			path = FolderTree;
			sourceTree = "<group>";
		};
		9F50693829EAEEF400F6337A /* FolderUI */ = {
			isa = PBXGroup;
			children = (
				9F50693929EAEEF400F6337A /* ItemView.swift */,
				9F50693A29EAEEF400F6337A /* TrustedDeviceCell.swift */,
				9F50693B29EAEEF400F6337A /* TrustedDevices.swift */,
				9F50693C29EAEEF400F6337A /* FolderSelection.swift */,
				9F50693D29EAEEF400F6337A /* FolderView.swift */,
				9F50693E29EAEEF400F6337A /* ActionsMenues */,
				9F50694229EAEEF400F6337A /* ThumpnailView.swift */,
				9F50694329EAEEF400F6337A /* MenuActions */,
			);
			path = FolderUI;
			sourceTree = "<group>";
		};
		9F50693E29EAEEF400F6337A /* ActionsMenues */ = {
			isa = PBXGroup;
			children = (
				9F50693F29EAEEF400F6337A /* LocalFolderView.swift */,
				9F50694029EAEEF400F6337A /* SharedFolderView.swift */,
				9F50694129EAEEF400F6337A /* FolderViewModelProtocol.swift */,
			);
			path = ActionsMenues;
			sourceTree = "<group>";
		};
		9F50694329EAEEF400F6337A /* MenuActions */ = {
			isa = PBXGroup;
			children = (
				9F50694429EAEEF400F6337A /* ItemViewActionsMenu.swift */,
				9F50694529EAEEF400F6337A /* FolderViewActionsMenu.swift */,
			);
			path = MenuActions;
			sourceTree = "<group>";
		};
		9F64CE0029E2172D00D64D16 = {
			isa = PBXGroup;
			children = (
				9F7A106229EC8F1600A40EAE /* Localizable.strings */,
				9F50693329EAEEF400F6337A /* FolderTree */,
				9F64CE0B29E2172D00D64D16 /* FileSharingKitDemoo */,
				9F64CE0A29E2172D00D64D16 /* Products */,
				9F64CE3F29E21A0B00D64D16 /* Frameworks */,
			);
			sourceTree = "<group>";
		};
		9F64CE0A29E2172D00D64D16 /* Products */ = {
			isa = PBXGroup;
			children = (
				9F64CE0929E2172D00D64D16 /* FileSharingKitDemoo.app */,
			);
			name = Products;
			sourceTree = "<group>";
		};
		9F64CE0B29E2172D00D64D16 /* FileSharingKitDemoo */ = {
			isa = PBXGroup;
			children = (
				D03DB85F29E740E6001D4AC9 /* FileSharingKit */,
				9F64CE0C29E2172D00D64D16 /* FileSharingKitDemooApp.swift */,
				9F64CE0E29E2172D00D64D16 /* ContentView.swift */,
				9F64CE1029E2172F00D64D16 /* Assets.xcassets */,
				9F64CE1229E2172F00D64D16 /* FileSharingKitDemoo.entitlements */,
				9F64CE1329E2172F00D64D16 /* Preview Content */,
			);
			path = FileSharingKitDemoo;
			sourceTree = "<group>";
		};
		9F64CE1329E2172F00D64D16 /* Preview Content */ = {
			isa = PBXGroup;
			children = (
				9F64CE1429E2172F00D64D16 /* Preview Assets.xcassets */,
			);
			path = "Preview Content";
			sourceTree = "<group>";
		};
		9F64CE3F29E21A0B00D64D16 /* Frameworks */ = {
			isa = PBXGroup;
			children = (
			);
			name = Frameworks;
			sourceTree = "<group>";
		};
/* End PBXGroup section */

/* Begin PBXNativeTarget section */
		9F64CE0829E2172D00D64D16 /* FileSharingKitDemoo */ = {
			isa = PBXNativeTarget;
			buildConfigurationList = 9F64CE1829E2172F00D64D16 /* Build configuration list for PBXNativeTarget "FileSharingKitDemoo" */;
			buildPhases = (
				9F64CE0529E2172D00D64D16 /* Sources */,
				9F64CE0629E2172D00D64D16 /* Frameworks */,
				9F64CE0729E2172D00D64D16 /* Resources */,
			);
			buildRules = (
			);
			dependencies = (
			);
			name = FileSharingKitDemoo;
			packageProductDependencies = (
				9FD888E629EAEB2D00B6680D /* FileSharingKit */,
				9FA0E32229F7240200F80969 /* QRCodeGenerator */,
			);
			productName = FileSharingKitDemoo;
			productReference = 9F64CE0929E2172D00D64D16 /* FileSharingKitDemoo.app */;
			productType = "com.apple.product-type.application";
		};
/* End PBXNativeTarget section */

/* Begin PBXProject section */
		9F64CE0129E2172D00D64D16 /* Project object */ = {
			isa = PBXProject;
			attributes = {
				BuildIndependentTargetsInParallel = 1;
				LastSwiftUpdateCheck = 1420;
				LastUpgradeCheck = 1420;
				TargetAttributes = {
					9F64CE0829E2172D00D64D16 = {
						CreatedOnToolsVersion = 14.2;
					};
				};
			};
			buildConfigurationList = 9F64CE0429E2172D00D64D16 /* Build configuration list for PBXProject "FileSharingKitDemoo" */;
			compatibilityVersion = "Xcode 14.0";
			developmentRegion = en;
			hasScannedForEncodings = 0;
			knownRegions = (
				en,
				Base,
				ar,
			);
			mainGroup = 9F64CE0029E2172D00D64D16;
			packageReferences = (
				9FA0E32129F7240200F80969 /* XCRemoteSwiftPackageReference "swift-qrcode-generator" */,
			);
			productRefGroup = 9F64CE0A29E2172D00D64D16 /* Products */;
			projectDirPath = "";
			projectRoot = "";
			targets = (
				9F64CE0829E2172D00D64D16 /* FileSharingKitDemoo */,
			);
		};
/* End PBXProject section */

/* Begin PBXResourcesBuildPhase section */
		9F64CE0729E2172D00D64D16 /* Resources */ = {
			isa = PBXResourcesBuildPhase;
			buildActionMask = 2147483647;
			files = (
				9F64CE1529E2172F00D64D16 /* Preview Assets.xcassets in Resources */,
				9F7A106029EC8F1600A40EAE /* Localizable.strings in Resources */,
				9F64CE1129E2172F00D64D16 /* Assets.xcassets in Resources */,
			);
			runOnlyForDeploymentPostprocessing = 0;
		};
/* End PBXResourcesBuildPhase section */

/* Begin PBXSourcesBuildPhase section */
		9F64CE0529E2172D00D64D16 /* Sources */ = {
			isa = PBXSourcesBuildPhase;
			buildActionMask = 2147483647;
			files = (
				9F50694E29EAEFCB00F6337A /* FolderView.swift in Sources */,
				9F50694729EAEFC700F6337A /* Delegate.swift in Sources */,
				9F50694829EAEFC700F6337A /* Folder.swift in Sources */,
				9F50695129EAEFCF00F6337A /* SharedFolderView.swift in Sources */,
				9F50695329EAEFD200F6337A /* ItemViewActionsMenu.swift in Sources */,
				9F50694B29EAEFCB00F6337A /* FolderSelection.swift in Sources */,
				9F50694629EAEFC700F6337A /* FolderServerEvent.swift in Sources */,
				9F64CE0F29E2172D00D64D16 /* ContentView.swift in Sources */,
				9F50694D29EAEFCB00F6337A /* TrustedDevices.swift in Sources */,
				9F50694A29EAEFCB00F6337A /* ItemView.swift in Sources */,
				9F50695029EAEFCF00F6337A /* ThumpnailView.swift in Sources */,
				9F50695429EAEFD200F6337A /* FolderViewActionsMenu.swift in Sources */,
				9F50694929EAEFC700F6337A /* Item.swift in Sources */,
				9F64CE0D29E2172D00D64D16 /* FileSharingKitDemooApp.swift in Sources */,
				9F50694F29EAEFCF00F6337A /* LocalFolderView.swift in Sources */,
				9F50694C29EAEFCB00F6337A /* TrustedDeviceCell.swift in Sources */,
				9F50695229EAEFCF00F6337A /* FolderViewModelProtocol.swift in Sources */,
			);
			runOnlyForDeploymentPostprocessing = 0;
		};
/* End PBXSourcesBuildPhase section */

/* Begin PBXVariantGroup section */
		9F7A106229EC8F1600A40EAE /* Localizable.strings */ = {
			isa = PBXVariantGroup;
			children = (
				9F7A106129EC8F1600A40EAE /* en */,
				9F7A106329EC8F1900A40EAE /* ar */,
			);
			name = Localizable.strings;
			sourceTree = "<group>";
		};
/* End PBXVariantGroup section */

/* Begin XCBuildConfiguration section */
		9F64CE1629E2172F00D64D16 /* Debug */ = {
			isa = XCBuildConfiguration;
			buildSettings = {
				ALWAYS_SEARCH_USER_PATHS = NO;
				CLANG_ANALYZER_NONNULL = YES;
				CLANG_ANALYZER_NUMBER_OBJECT_CONVERSION = YES_AGGRESSIVE;
				CLANG_CXX_LANGUAGE_STANDARD = "gnu++20";
				CLANG_ENABLE_MODULES = YES;
				CLANG_ENABLE_OBJC_ARC = YES;
				CLANG_ENABLE_OBJC_WEAK = YES;
				CLANG_WARN_BLOCK_CAPTURE_AUTORELEASING = YES;
				CLANG_WARN_BOOL_CONVERSION = YES;
				CLANG_WARN_COMMA = YES;
				CLANG_WARN_CONSTANT_CONVERSION = YES;
				CLANG_WARN_DEPRECATED_OBJC_IMPLEMENTATIONS = YES;
				CLANG_WARN_DIRECT_OBJC_ISA_USAGE = YES_ERROR;
				CLANG_WARN_DOCUMENTATION_COMMENTS = YES;
				CLANG_WARN_EMPTY_BODY = YES;
				CLANG_WARN_ENUM_CONVERSION = YES;
				CLANG_WARN_INFINITE_RECURSION = YES;
				CLANG_WARN_INT_CONVERSION = YES;
				CLANG_WARN_NON_LITERAL_NULL_CONVERSION = YES;
				CLANG_WARN_OBJC_IMPLICIT_RETAIN_SELF = YES;
				CLANG_WARN_OBJC_LITERAL_CONVERSION = YES;
				CLANG_WARN_OBJC_ROOT_CLASS = YES_ERROR;
				CLANG_WARN_QUOTED_INCLUDE_IN_FRAMEWORK_HEADER = YES;
				CLANG_WARN_RANGE_LOOP_ANALYSIS = YES;
				CLANG_WARN_STRICT_PROTOTYPES = YES;
				CLANG_WARN_SUSPICIOUS_MOVE = YES;
				CLANG_WARN_UNGUARDED_AVAILABILITY = YES_AGGRESSIVE;
				CLANG_WARN_UNREACHABLE_CODE = YES;
				CLANG_WARN__DUPLICATE_METHOD_MATCH = YES;
				COPY_PHASE_STRIP = NO;
				DEBUG_INFORMATION_FORMAT = dwarf;
				ENABLE_STRICT_OBJC_MSGSEND = YES;
				ENABLE_TESTABILITY = YES;
				GCC_C_LANGUAGE_STANDARD = gnu11;
				GCC_DYNAMIC_NO_PIC = NO;
				GCC_NO_COMMON_BLOCKS = YES;
				GCC_OPTIMIZATION_LEVEL = 0;
				GCC_PREPROCESSOR_DEFINITIONS = (
					"DEBUG=1",
					"$(inherited)",
				);
				GCC_WARN_64_TO_32_BIT_CONVERSION = YES;
				GCC_WARN_ABOUT_RETURN_TYPE = YES_ERROR;
				GCC_WARN_UNDECLARED_SELECTOR = YES;
				GCC_WARN_UNINITIALIZED_AUTOS = YES_AGGRESSIVE;
				GCC_WARN_UNUSED_FUNCTION = YES;
				GCC_WARN_UNUSED_VARIABLE = YES;
				IPHONEOS_DEPLOYMENT_TARGET = 16.2;
				MTL_ENABLE_DEBUG_INFO = INCLUDE_SOURCE;
				MTL_FAST_MATH = YES;
				ONLY_ACTIVE_ARCH = YES;
				SWIFT_ACTIVE_COMPILATION_CONDITIONS = DEBUG;
				SWIFT_OPTIMIZATION_LEVEL = "-Onone";
			};
			name = Debug;
		};
		9F64CE1729E2172F00D64D16 /* Release */ = {
			isa = XCBuildConfiguration;
			buildSettings = {
				ALWAYS_SEARCH_USER_PATHS = NO;
				CLANG_ANALYZER_NONNULL = YES;
				CLANG_ANALYZER_NUMBER_OBJECT_CONVERSION = YES_AGGRESSIVE;
				CLANG_CXX_LANGUAGE_STANDARD = "gnu++20";
				CLANG_ENABLE_MODULES = YES;
				CLANG_ENABLE_OBJC_ARC = YES;
				CLANG_ENABLE_OBJC_WEAK = YES;
				CLANG_WARN_BLOCK_CAPTURE_AUTORELEASING = YES;
				CLANG_WARN_BOOL_CONVERSION = YES;
				CLANG_WARN_COMMA = YES;
				CLANG_WARN_CONSTANT_CONVERSION = YES;
				CLANG_WARN_DEPRECATED_OBJC_IMPLEMENTATIONS = YES;
				CLANG_WARN_DIRECT_OBJC_ISA_USAGE = YES_ERROR;
				CLANG_WARN_DOCUMENTATION_COMMENTS = YES;
				CLANG_WARN_EMPTY_BODY = YES;
				CLANG_WARN_ENUM_CONVERSION = YES;
				CLANG_WARN_INFINITE_RECURSION = YES;
				CLANG_WARN_INT_CONVERSION = YES;
				CLANG_WARN_NON_LITERAL_NULL_CONVERSION = YES;
				CLANG_WARN_OBJC_IMPLICIT_RETAIN_SELF = YES;
				CLANG_WARN_OBJC_LITERAL_CONVERSION = YES;
				CLANG_WARN_OBJC_ROOT_CLASS = YES_ERROR;
				CLANG_WARN_QUOTED_INCLUDE_IN_FRAMEWORK_HEADER = YES;
				CLANG_WARN_RANGE_LOOP_ANALYSIS = YES;
				CLANG_WARN_STRICT_PROTOTYPES = YES;
				CLANG_WARN_SUSPICIOUS_MOVE = YES;
				CLANG_WARN_UNGUARDED_AVAILABILITY = YES_AGGRESSIVE;
				CLANG_WARN_UNREACHABLE_CODE = YES;
				CLANG_WARN__DUPLICATE_METHOD_MATCH = YES;
				COPY_PHASE_STRIP = NO;
				DEBUG_INFORMATION_FORMAT = "dwarf-with-dsym";
				ENABLE_NS_ASSERTIONS = NO;
				ENABLE_STRICT_OBJC_MSGSEND = YES;
				GCC_C_LANGUAGE_STANDARD = gnu11;
				GCC_NO_COMMON_BLOCKS = YES;
				GCC_WARN_64_TO_32_BIT_CONVERSION = YES;
				GCC_WARN_ABOUT_RETURN_TYPE = YES_ERROR;
				GCC_WARN_UNDECLARED_SELECTOR = YES;
				GCC_WARN_UNINITIALIZED_AUTOS = YES_AGGRESSIVE;
				GCC_WARN_UNUSED_FUNCTION = YES;
				GCC_WARN_UNUSED_VARIABLE = YES;
				IPHONEOS_DEPLOYMENT_TARGET = 16.2;
				MTL_ENABLE_DEBUG_INFO = NO;
				MTL_FAST_MATH = YES;
				SWIFT_COMPILATION_MODE = wholemodule;
				SWIFT_OPTIMIZATION_LEVEL = "-O";
			};
			name = Release;
		};
		9F64CE1929E2172F00D64D16 /* Debug */ = {
			isa = XCBuildConfiguration;
			buildSettings = {
				ASSETCATALOG_COMPILER_APPICON_NAME = AppIcon;
				ASSETCATALOG_COMPILER_GLOBAL_ACCENT_COLOR_NAME = AccentColor;
				CODE_SIGN_ENTITLEMENTS = FileSharingKitDemoo/FileSharingKitDemoo.entitlements;
				CODE_SIGN_STYLE = Automatic;
				CURRENT_PROJECT_VERSION = 1;
				DEVELOPMENT_ASSET_PATHS = "\"FileSharingKitDemoo/Preview Content\"";
				DEVELOPMENT_TEAM = 7J9KA6Z6QG;
				ENABLE_HARDENED_RUNTIME = YES;
				ENABLE_PREVIEWS = YES;
				GENERATE_INFOPLIST_FILE = YES;
				INFOPLIST_FILE = FileSharingKitDemoo/Info.plist;
				INFOPLIST_KEY_LSSupportsOpeningDocumentsInPlace = YES;
				INFOPLIST_KEY_NSCameraUsageDescription = "Scanning QR";
				"INFOPLIST_KEY_UIApplicationSceneManifest_Generation[sdk=iphoneos*]" = YES;
				"INFOPLIST_KEY_UIApplicationSceneManifest_Generation[sdk=iphonesimulator*]" = YES;
				"INFOPLIST_KEY_UIApplicationSupportsIndirectInputEvents[sdk=iphoneos*]" = YES;
				"INFOPLIST_KEY_UIApplicationSupportsIndirectInputEvents[sdk=iphonesimulator*]" = YES;
				"INFOPLIST_KEY_UILaunchScreen_Generation[sdk=iphoneos*]" = YES;
				"INFOPLIST_KEY_UILaunchScreen_Generation[sdk=iphonesimulator*]" = YES;
				"INFOPLIST_KEY_UIStatusBarStyle[sdk=iphoneos*]" = UIStatusBarStyleDefault;
				"INFOPLIST_KEY_UIStatusBarStyle[sdk=iphonesimulator*]" = UIStatusBarStyleDefault;
				INFOPLIST_KEY_UISupportedInterfaceOrientations_iPad = "UIInterfaceOrientationPortrait UIInterfaceOrientationPortraitUpsideDown UIInterfaceOrientationLandscapeLeft UIInterfaceOrientationLandscapeRight";
				INFOPLIST_KEY_UISupportedInterfaceOrientations_iPhone = "UIInterfaceOrientationPortrait UIInterfaceOrientationLandscapeLeft UIInterfaceOrientationLandscapeRight";
				INFOPLIST_KEY_UISupportsDocumentBrowser = YES;
				IPHONEOS_DEPLOYMENT_TARGET = 16.2;
				LD_RUNPATH_SEARCH_PATHS = "@executable_path/Frameworks";
				"LD_RUNPATH_SEARCH_PATHS[sdk=macosx*]" = "@executable_path/../Frameworks";
				MACOSX_DEPLOYMENT_TARGET = 13.1;
				MARKETING_VERSION = 1.0;
				PRODUCT_BUNDLE_IDENTIFIER = GoldenBlue.FileSharingKitDemoo;
				PRODUCT_NAME = "$(TARGET_NAME)";
				SDKROOT = auto;
				SUPPORTED_PLATFORMS = "iphoneos iphonesimulator";
				SUPPORTS_MACCATALYST = NO;
				SUPPORTS_MAC_DESIGNED_FOR_IPHONE_IPAD = NO;
				SWIFT_EMIT_LOC_STRINGS = YES;
				SWIFT_VERSION = 5.0;
				TARGETED_DEVICE_FAMILY = "1,2";
			};
			name = Debug;
		};
		9F64CE1A29E2172F00D64D16 /* Release */ = {
			isa = XCBuildConfiguration;
			buildSettings = {
				ASSETCATALOG_COMPILER_APPICON_NAME = AppIcon;
				ASSETCATALOG_COMPILER_GLOBAL_ACCENT_COLOR_NAME = AccentColor;
				CODE_SIGN_ENTITLEMENTS = FileSharingKitDemoo/FileSharingKitDemoo.entitlements;
				CODE_SIGN_STYLE = Automatic;
				CURRENT_PROJECT_VERSION = 1;
				DEVELOPMENT_ASSET_PATHS = "\"FileSharingKitDemoo/Preview Content\"";
				DEVELOPMENT_TEAM = 7J9KA6Z6QG;
				ENABLE_HARDENED_RUNTIME = YES;
				ENABLE_PREVIEWS = YES;
				GENERATE_INFOPLIST_FILE = YES;
				INFOPLIST_FILE = FileSharingKitDemoo/Info.plist;
				INFOPLIST_KEY_LSSupportsOpeningDocumentsInPlace = YES;
				INFOPLIST_KEY_NSCameraUsageDescription = "Scanning QR";
				"INFOPLIST_KEY_UIApplicationSceneManifest_Generation[sdk=iphoneos*]" = YES;
				"INFOPLIST_KEY_UIApplicationSceneManifest_Generation[sdk=iphonesimulator*]" = YES;
				"INFOPLIST_KEY_UIApplicationSupportsIndirectInputEvents[sdk=iphoneos*]" = YES;
				"INFOPLIST_KEY_UIApplicationSupportsIndirectInputEvents[sdk=iphonesimulator*]" = YES;
				"INFOPLIST_KEY_UILaunchScreen_Generation[sdk=iphoneos*]" = YES;
				"INFOPLIST_KEY_UILaunchScreen_Generation[sdk=iphonesimulator*]" = YES;
				"INFOPLIST_KEY_UIStatusBarStyle[sdk=iphoneos*]" = UIStatusBarStyleDefault;
				"INFOPLIST_KEY_UIStatusBarStyle[sdk=iphonesimulator*]" = UIStatusBarStyleDefault;
				INFOPLIST_KEY_UISupportedInterfaceOrientations_iPad = "UIInterfaceOrientationPortrait UIInterfaceOrientationPortraitUpsideDown UIInterfaceOrientationLandscapeLeft UIInterfaceOrientationLandscapeRight";
				INFOPLIST_KEY_UISupportedInterfaceOrientations_iPhone = "UIInterfaceOrientationPortrait UIInterfaceOrientationLandscapeLeft UIInterfaceOrientationLandscapeRight";
				INFOPLIST_KEY_UISupportsDocumentBrowser = YES;
				IPHONEOS_DEPLOYMENT_TARGET = 16.2;
				LD_RUNPATH_SEARCH_PATHS = "@executable_path/Frameworks";
				"LD_RUNPATH_SEARCH_PATHS[sdk=macosx*]" = "@executable_path/../Frameworks";
				MACOSX_DEPLOYMENT_TARGET = 13.1;
				MARKETING_VERSION = 1.0;
				PRODUCT_BUNDLE_IDENTIFIER = GoldenBlue.FileSharingKitDemoo;
				PRODUCT_NAME = "$(TARGET_NAME)";
				SDKROOT = auto;
				SUPPORTED_PLATFORMS = "iphoneos iphonesimulator";
				SUPPORTS_MACCATALYST = NO;
				SUPPORTS_MAC_DESIGNED_FOR_IPHONE_IPAD = NO;
				SWIFT_EMIT_LOC_STRINGS = YES;
				SWIFT_VERSION = 5.0;
				TARGETED_DEVICE_FAMILY = "1,2";
			};
			name = Release;
		};
/* End XCBuildConfiguration section */

/* Begin XCConfigurationList section */
		9F64CE0429E2172D00D64D16 /* Build configuration list for PBXProject "FileSharingKitDemoo" */ = {
			isa = XCConfigurationList;
			buildConfigurations = (
				9F64CE1629E2172F00D64D16 /* Debug */,
				9F64CE1729E2172F00D64D16 /* Release */,
			);
			defaultConfigurationIsVisible = 0;
			defaultConfigurationName = Release;
		};
		9F64CE1829E2172F00D64D16 /* Build configuration list for PBXNativeTarget "FileSharingKitDemoo" */ = {
			isa = XCConfigurationList;
			buildConfigurations = (
				9F64CE1929E2172F00D64D16 /* Debug */,
				9F64CE1A29E2172F00D64D16 /* Release */,
			);
			defaultConfigurationIsVisible = 0;
			defaultConfigurationName = Release;
		};
/* End XCConfigurationList section */

/* Begin XCRemoteSwiftPackageReference section */
		9FA0E32129F7240200F80969 /* XCRemoteSwiftPackageReference "swift-qrcode-generator" */ = {
			isa = XCRemoteSwiftPackageReference;
			repositoryURL = "https://github.com/fwcd/swift-qrcode-generator";
			requirement = {
				branch = main;
				kind = branch;
			};
		};
/* End XCRemoteSwiftPackageReference section */

/* Begin XCSwiftPackageProductDependency section */
		9FA0E32229F7240200F80969 /* QRCodeGenerator */ = {
			isa = XCSwiftPackageProductDependency;
			package = 9FA0E32129F7240200F80969 /* XCRemoteSwiftPackageReference "swift-qrcode-generator" */;
			productName = QRCodeGenerator;
		};
		9FD888E629EAEB2D00B6680D /* FileSharingKit */ = {
			isa = XCSwiftPackageProductDependency;
			productName = FileSharingKit;
		};
/* End XCSwiftPackageProductDependency section */
	};
	rootObject = 9F64CE0129E2172D00D64D16 /* Project object */;
}
